
Microsoft Visual Studio Solution File, Format Version 12.00
# Visual Studio Version 16
VisualStudioVersion = 16.0.29505.145
MinimumVisualStudioVersion = 10.0.40219.1
Project("***REMOVED***9A19103F-16F7-4668-BE54-9A1E7A4F7556***REMOVED***") = "TypTop.Database", "TypTop.Database\TypTop.Database.csproj", "***REMOVED***B4951B83-021E-49BF-8129-B883E6EAD7DF***REMOVED***"
EndProject
Project("***REMOVED***9A19103F-16F7-4668-BE54-9A1E7A4F7556***REMOVED***") = "TypTop.Gui", "TypTop.Gui\TypTop.Gui.csproj", "***REMOVED***6B5870EF-25AC-4DBF-9EC4-B6D395EB8A19***REMOVED***"
EndProject
Project("***REMOVED***9A19103F-16F7-4668-BE54-9A1E7A4F7556***REMOVED***") = "TypTop.Logic", "TypTop.Logic\TypTop.Logic.csproj", "***REMOVED***55172CE7-CBF5-47B9-90CC-217EF307FF1E***REMOVED***"
EndProject
Project("***REMOVED***FAE04EC0-301F-11D3-BF4B-00C04F79EFBC***REMOVED***") = "TypTop.VisualKeyboard", "TypTop.VisualKeyboard\TypTop.VisualKeyboard.csproj", "***REMOVED***28F590C5-6700-44EB-A452-ECEBA5A100F5***REMOVED***"
EndProject
Global
	GlobalSection(SolutionConfigurationPlatforms) = preSolution
		Debug|Any CPU = Debug|Any CPU
		Release|Any CPU = Release|Any CPU
	EndGlobalSection
	GlobalSection(ProjectConfigurationPlatforms) = postSolution
		***REMOVED***B4951B83-021E-49BF-8129-B883E6EAD7DF***REMOVED***.Debug|Any CPU.ActiveCfg = Debug|Any CPU
		***REMOVED***B4951B83-021E-49BF-8129-B883E6EAD7DF***REMOVED***.Debug|Any CPU.Build.0 = Debug|Any CPU
		***REMOVED***B4951B83-021E-49BF-8129-B883E6EAD7DF***REMOVED***.Release|Any CPU.ActiveCfg = Release|Any CPU
		***REMOVED***B4951B83-021E-49BF-8129-B883E6EAD7DF***REMOVED***.Release|Any CPU.Build.0 = Release|Any CPU
		***REMOVED***6B5870EF-25AC-4DBF-9EC4-B6D395EB8A19***REMOVED***.Debug|Any CPU.ActiveCfg = Debug|Any CPU
		***REMOVED***6B5870EF-25AC-4DBF-9EC4-B6D395EB8A19***REMOVED***.Debug|Any CPU.Build.0 = Debug|Any CPU
		***REMOVED***6B5870EF-25AC-4DBF-9EC4-B6D395EB8A19***REMOVED***.Release|Any CPU.ActiveCfg = Release|Any CPU
		***REMOVED***6B5870EF-25AC-4DBF-9EC4-B6D395EB8A19***REMOVED***.Release|Any CPU.Build.0 = Release|Any CPU
		***REMOVED***55172CE7-CBF5-47B9-90CC-217EF307FF1E***REMOVED***.Debug|Any CPU.ActiveCfg = Debug|Any CPU
		***REMOVED***55172CE7-CBF5-47B9-90CC-217EF307FF1E***REMOVED***.Debug|Any CPU.Build.0 = Debug|Any CPU
		***REMOVED***55172CE7-CBF5-47B9-90CC-217EF307FF1E***REMOVED***.Release|Any CPU.ActiveCfg = Release|Any CPU
		***REMOVED***55172CE7-CBF5-47B9-90CC-217EF307FF1E***REMOVED***.Release|Any CPU.Build.0 = Release|Any CPU
		***REMOVED***28F590C5-6700-44EB-A452-ECEBA5A100F5***REMOVED***.Debug|Any CPU.ActiveCfg = Debug|Any CPU
		***REMOVED***28F590C5-6700-44EB-A452-ECEBA5A100F5***REMOVED***.Debug|Any CPU.Build.0 = Debug|Any CPU
		***REMOVED***28F590C5-6700-44EB-A452-ECEBA5A100F5***REMOVED***.Release|Any CPU.ActiveCfg = Release|Any CPU
		***REMOVED***28F590C5-6700-44EB-A452-ECEBA5A100F5***REMOVED***.Release|Any CPU.Build.0 = Release|Any CPU
	EndGlobalSection
	GlobalSection(SolutionProperties) = preSolution
		HideSolutionNode = FALSE
	EndGlobalSection
	GlobalSection(ExtensibilityGlobals) = postSolution
		SolutionGuid = ***REMOVED***A0A39D8C-9D9A-4838-8195-8AD76380FB26***REMOVED***
	EndGlobalSection
EndGlobal
