
Microsoft Visual Studio Solution File, Format Version 12.00
# Visual Studio Version 16
VisualStudioVersion = 16.0.29505.145
MinimumVisualStudioVersion = 10.0.40219.1
Project("***REMOVED***9A19103F-16F7-4668-BE54-9A1E7A4F7556***REMOVED***") = "TypTop.Database", "TypTop.Database\TypTop.Database.csproj", "***REMOVED***B4951B83-021E-49BF-8129-B883E6EAD7DF***REMOVED***"
EndProject
Project("***REMOVED***9A19103F-16F7-4668-BE54-9A1E7A4F7556***REMOVED***") = "TypTop.Gui", "TypTop.Gui\TypTop.Gui.csproj", "***REMOVED***6B5870EF-25AC-4DBF-9EC4-B6D395EB8A19***REMOVED***"
EndProject
Project("***REMOVED***9A19103F-16F7-4668-BE54-9A1E7A4F7556***REMOVED***") = "TypTop.Logic", "TypTop.Logic\TypTop.Logic.csproj", "***REMOVED***55172CE7-CBF5-47B9-90CC-217EF307FF1E***REMOVED***"
EndProject
Project("***REMOVED***9A19103F-16F7-4668-BE54-9A1E7A4F7556***REMOVED***") = "TypTop.VisualKeyboard", "TypTop.VisualKeyboard\TypTop.VisualKeyboard.csproj", "***REMOVED***28F590C5-6700-44EB-A452-ECEBA5A100F5***REMOVED***"
EndProject
Project("***REMOVED***9A19103F-16F7-4668-BE54-9A1E7A4F7556***REMOVED***") = "TypTop.Gui.UnitTests", "TypTop.Gui.UnitTests\TypTop.Gui.UnitTests.csproj", "***REMOVED***4CC4919F-5F2D-4694-972B-8758C06587D3***REMOVED***"
EndProject
Project("***REMOVED***9A19103F-16F7-4668-BE54-9A1E7A4F7556***REMOVED***") = "TypTop.VisualKeyboard.Tests", "TypTop.VisualKeyboard.Tests\TypTop.VisualKeyboard.Tests.csproj", "***REMOVED***BFD7635D-ACCA-4027-B556-15DA37C130C9***REMOVED***"
EndProject
Project("***REMOVED***9A19103F-16F7-4668-BE54-9A1E7A4F7556***REMOVED***") = "TypTop.GameWindow", "TypTop.GameWindow\TypTop.GameWindow.csproj", "***REMOVED***22ED7249-496B-4352-85DC-081679BC039F***REMOVED***"
EndProject
Project("***REMOVED***9A19103F-16F7-4668-BE54-9A1E7A4F7556***REMOVED***") = "TypTop.GameEngine", "TypTop.GameEngine\TypTop.GameEngine.csproj", "***REMOVED***03BD04BD-55F8-4B3E-B86D-7FEC6BBE2C6E***REMOVED***"
EndProject
Project("***REMOVED***2150E333-8FDC-42A3-9474-1A3956D46DE8***REMOVED***") = "Minigames", "Minigames", "***REMOVED***A8EC2EEE-434D-470B-8C20-1814E7BF5120***REMOVED***"
EndProject
Project("***REMOVED***9A19103F-16F7-4668-BE54-9A1E7A4F7556***REMOVED***") = "SpaceInvadersMinigame", "SpaceInvadersMinigame\SpaceInvadersMinigame.csproj", "***REMOVED***405BF0EA-F49A-486A-92E0-D4100540337E***REMOVED***"
EndProject
Project("***REMOVED***9A19103F-16F7-4668-BE54-9A1E7A4F7556***REMOVED***") = "TypTop.GameGui", "TypTop.GameGui\TypTop.GameGui.csproj", "***REMOVED***813FF76E-7A24-4BB7-89BF-77F49031EFF7***REMOVED***"
EndProject
Project("***REMOVED***FAE04EC0-301F-11D3-BF4B-00C04F79EFBC***REMOVED***") = "TavernMinigame", "TavernMinigame\TavernMinigame.csproj", "***REMOVED***29768497-8C22-4952-972A-8393E0C8BDC1***REMOVED***"
EndProject
Global
	GlobalSection(SolutionConfigurationPlatforms) = preSolution
		Debug|Any CPU = Debug|Any CPU
		Release|Any CPU = Release|Any CPU
	EndGlobalSection
	GlobalSection(ProjectConfigurationPlatforms) = postSolution
		***REMOVED***B4951B83-021E-49BF-8129-B883E6EAD7DF***REMOVED***.Debug|Any CPU.ActiveCfg = Debug|Any CPU
		***REMOVED***B4951B83-021E-49BF-8129-B883E6EAD7DF***REMOVED***.Debug|Any CPU.Build.0 = Debug|Any CPU
		***REMOVED***B4951B83-021E-49BF-8129-B883E6EAD7DF***REMOVED***.Release|Any CPU.ActiveCfg = Release|Any CPU
		***REMOVED***B4951B83-021E-49BF-8129-B883E6EAD7DF***REMOVED***.Release|Any CPU.Build.0 = Release|Any CPU
		***REMOVED***6B5870EF-25AC-4DBF-9EC4-B6D395EB8A19***REMOVED***.Debug|Any CPU.ActiveCfg = Debug|Any CPU
		***REMOVED***6B5870EF-25AC-4DBF-9EC4-B6D395EB8A19***REMOVED***.Debug|Any CPU.Build.0 = Debug|Any CPU
		***REMOVED***6B5870EF-25AC-4DBF-9EC4-B6D395EB8A19***REMOVED***.Release|Any CPU.ActiveCfg = Release|Any CPU
		***REMOVED***6B5870EF-25AC-4DBF-9EC4-B6D395EB8A19***REMOVED***.Release|Any CPU.Build.0 = Release|Any CPU
		***REMOVED***55172CE7-CBF5-47B9-90CC-217EF307FF1E***REMOVED***.Debug|Any CPU.ActiveCfg = Debug|Any CPU
		***REMOVED***55172CE7-CBF5-47B9-90CC-217EF307FF1E***REMOVED***.Debug|Any CPU.Build.0 = Debug|Any CPU
		***REMOVED***55172CE7-CBF5-47B9-90CC-217EF307FF1E***REMOVED***.Release|Any CPU.ActiveCfg = Release|Any CPU
		***REMOVED***55172CE7-CBF5-47B9-90CC-217EF307FF1E***REMOVED***.Release|Any CPU.Build.0 = Release|Any CPU
		***REMOVED***28F590C5-6700-44EB-A452-ECEBA5A100F5***REMOVED***.Debug|Any CPU.ActiveCfg = Debug|Any CPU
		***REMOVED***28F590C5-6700-44EB-A452-ECEBA5A100F5***REMOVED***.Debug|Any CPU.Build.0 = Debug|Any CPU
		***REMOVED***28F590C5-6700-44EB-A452-ECEBA5A100F5***REMOVED***.Release|Any CPU.ActiveCfg = Release|Any CPU
		***REMOVED***28F590C5-6700-44EB-A452-ECEBA5A100F5***REMOVED***.Release|Any CPU.Build.0 = Release|Any CPU
		***REMOVED***4CC4919F-5F2D-4694-972B-8758C06587D3***REMOVED***.Debug|Any CPU.ActiveCfg = Debug|Any CPU
		***REMOVED***4CC4919F-5F2D-4694-972B-8758C06587D3***REMOVED***.Debug|Any CPU.Build.0 = Debug|Any CPU
		***REMOVED***4CC4919F-5F2D-4694-972B-8758C06587D3***REMOVED***.Release|Any CPU.ActiveCfg = Release|Any CPU
		***REMOVED***4CC4919F-5F2D-4694-972B-8758C06587D3***REMOVED***.Release|Any CPU.Build.0 = Release|Any CPU
		***REMOVED***BFD7635D-ACCA-4027-B556-15DA37C130C9***REMOVED***.Debug|Any CPU.ActiveCfg = Debug|Any CPU
		***REMOVED***BFD7635D-ACCA-4027-B556-15DA37C130C9***REMOVED***.Debug|Any CPU.Build.0 = Debug|Any CPU
		***REMOVED***BFD7635D-ACCA-4027-B556-15DA37C130C9***REMOVED***.Release|Any CPU.ActiveCfg = Release|Any CPU
		***REMOVED***BFD7635D-ACCA-4027-B556-15DA37C130C9***REMOVED***.Release|Any CPU.Build.0 = Release|Any CPU
		***REMOVED***22ED7249-496B-4352-85DC-081679BC039F***REMOVED***.Debug|Any CPU.ActiveCfg = Debug|Any CPU
		***REMOVED***22ED7249-496B-4352-85DC-081679BC039F***REMOVED***.Debug|Any CPU.Build.0 = Debug|Any CPU
		***REMOVED***22ED7249-496B-4352-85DC-081679BC039F***REMOVED***.Release|Any CPU.ActiveCfg = Release|Any CPU
		***REMOVED***22ED7249-496B-4352-85DC-081679BC039F***REMOVED***.Release|Any CPU.Build.0 = Release|Any CPU
		***REMOVED***03BD04BD-55F8-4B3E-B86D-7FEC6BBE2C6E***REMOVED***.Debug|Any CPU.ActiveCfg = Debug|Any CPU
		***REMOVED***03BD04BD-55F8-4B3E-B86D-7FEC6BBE2C6E***REMOVED***.Debug|Any CPU.Build.0 = Debug|Any CPU
		***REMOVED***03BD04BD-55F8-4B3E-B86D-7FEC6BBE2C6E***REMOVED***.Release|Any CPU.ActiveCfg = Release|Any CPU
		***REMOVED***03BD04BD-55F8-4B3E-B86D-7FEC6BBE2C6E***REMOVED***.Release|Any CPU.Build.0 = Release|Any CPU
		***REMOVED***405BF0EA-F49A-486A-92E0-D4100540337E***REMOVED***.Debug|Any CPU.ActiveCfg = Debug|Any CPU
		***REMOVED***405BF0EA-F49A-486A-92E0-D4100540337E***REMOVED***.Debug|Any CPU.Build.0 = Debug|Any CPU
		***REMOVED***405BF0EA-F49A-486A-92E0-D4100540337E***REMOVED***.Release|Any CPU.ActiveCfg = Release|Any CPU
		***REMOVED***405BF0EA-F49A-486A-92E0-D4100540337E***REMOVED***.Release|Any CPU.Build.0 = Release|Any CPU
		***REMOVED***813FF76E-7A24-4BB7-89BF-77F49031EFF7***REMOVED***.Debug|Any CPU.ActiveCfg = Debug|Any CPU
		***REMOVED***813FF76E-7A24-4BB7-89BF-77F49031EFF7***REMOVED***.Debug|Any CPU.Build.0 = Debug|Any CPU
		***REMOVED***813FF76E-7A24-4BB7-89BF-77F49031EFF7***REMOVED***.Release|Any CPU.ActiveCfg = Release|Any CPU
		***REMOVED***813FF76E-7A24-4BB7-89BF-77F49031EFF7***REMOVED***.Release|Any CPU.Build.0 = Release|Any CPU
		***REMOVED***29768497-8C22-4952-972A-8393E0C8BDC1***REMOVED***.Debug|Any CPU.ActiveCfg = Debug|Any CPU
		***REMOVED***29768497-8C22-4952-972A-8393E0C8BDC1***REMOVED***.Debug|Any CPU.Build.0 = Debug|Any CPU
		***REMOVED***29768497-8C22-4952-972A-8393E0C8BDC1***REMOVED***.Release|Any CPU.ActiveCfg = Release|Any CPU
		***REMOVED***29768497-8C22-4952-972A-8393E0C8BDC1***REMOVED***.Release|Any CPU.Build.0 = Release|Any CPU
	EndGlobalSection
	GlobalSection(SolutionProperties) = preSolution
		HideSolutionNode = FALSE
	EndGlobalSection
	GlobalSection(NestedProjects) = preSolution
		***REMOVED***405BF0EA-F49A-486A-92E0-D4100540337E***REMOVED*** = ***REMOVED***A8EC2EEE-434D-470B-8C20-1814E7BF5120***REMOVED***
		***REMOVED***29768497-8C22-4952-972A-8393E0C8BDC1***REMOVED*** = ***REMOVED***A8EC2EEE-434D-470B-8C20-1814E7BF5120***REMOVED***
	EndGlobalSection
	GlobalSection(ExtensibilityGlobals) = postSolution
		SolutionGuid = ***REMOVED***A0A39D8C-9D9A-4838-8195-8AD76380FB26***REMOVED***
	EndGlobalSection
EndGlobal
